<?xml version="1.0" encoding="utf-8"?>
<Project ToolsVersion="4.0" xmlns="http://schemas.microsoft.com/developer/msbuild/2003">
  <ItemGroup>
    <Filter Include="Source Files">
      <UniqueIdentifier>{4FC737F1-C7A5-4376-A066-2A32D752A2FF}</UniqueIdentifier>
      <Extensions>cpp;c;cc;cxx;c++;cppm;ixx;def;odl;idl;hpj;bat;asm;asmx</Extensions>
    </Filter>
    <Filter Include="Modules">
      <UniqueIdentifier>{93995380-89BD-4b04-88EB-625FBE52EBFB}</UniqueIdentifier>
      <Extensions>h;hh;hpp;hxx;h++;hm;inl;inc;ipp;xsd</Extensions>
    </Filter>
    <Filter Include="Resources">
      <UniqueIdentifier>{67DA6AB6-F800-4c08-8B7A-83BB121AAD01}</UniqueIdentifier>
      <Extensions>rc;ico;cur;bmp;dlg;rc2;rct;bin;rgs;gif;jpg;jpeg;jpe;resx;tiff;tif;png;wav;mfcribbon-ms</Extensions>
    </Filter>
    <Filter Include="Resources\textures">
      <UniqueIdentifier>{a2cfe4fe-f04f-4021-9891-e1d57f0d3046}</UniqueIdentifier>
    </Filter>
    <Filter Include="Resources\textures\Characters">
      <UniqueIdentifier>{df566140-5cce-4202-bf5f-a41d606365bc}</UniqueIdentifier>
    </Filter>
    <Filter Include="Resources\textures\Characters\Player1">
      <UniqueIdentifier>{8f0db417-d758-465d-8b91-67f75ee9b71b}</UniqueIdentifier>
    </Filter>
    <Filter Include="Resources\textures\Characters\Player2">
      <UniqueIdentifier>{06da8f81-90f6-4afc-b965-ded7f516e72b}</UniqueIdentifier>
    </Filter>
    <Filter Include="Resources\textures\Characters\Player3">
      <UniqueIdentifier>{b0bd0486-c5e8-4b26-b929-d2fa21cfb00a}</UniqueIdentifier>
    </Filter>
    <Filter Include="Resources\textures\Characters\Player4">
      <UniqueIdentifier>{b88ef0ce-13dc-4b69-bbf1-9cf97ea5b47e}</UniqueIdentifier>
    </Filter>
  </ItemGroup>
  <ItemGroup>
    <ClCompile Include="main.cpp">
      <Filter>Source Files</Filter>
    </ClCompile>
    <ClCompile Include="Board.ixx">
      <Filter>Modules</Filter>
    </ClCompile>
    <ClCompile Include="CollisionHandling.ixx">
      <Filter>Modules</Filter>
    </ClCompile>
    <ClCompile Include="Controller.ixx">
      <Filter>Modules</Filter>
    </ClCompile>
    <ClCompile Include="Resources.ixx">
      <Filter>Modules</Filter>
    </ClCompile>
    <ClCompile Include="Utilities.ixx">
      <Filter>Modules</Filter>
    </ClCompile>
    <ClCompile Include="AuthModule.ixx">
      <Filter>Modules</Filter>
    </ClCompile>
    <ClCompile Include="LoadingScreen.ixx">
      <Filter>Modules</Filter>
    </ClCompile>
    <ClCompile Include="Menu.ixx">
      <Filter>Modules</Filter>
    </ClCompile>
    <ClCompile Include="Shop.ixx">
      <Filter>Modules</Filter>
    </ClCompile>
    <ClCompile Include="Dust.ixx">
      <Filter>Modules</Filter>
    </ClCompile>
    <ClCompile Include="Nebula.ixx">
      <Filter>Modules</Filter>
    </ClCompile>
    <ClCompile Include="Player.ixx">
      <Filter>Modules</Filter>
    </ClCompile>
  </ItemGroup>
  <ItemGroup>
    <Image Include="textures\12_nebula_spritesheet.png">
      <Filter>Resources\textures</Filter>
    </Image>
    <Image Include="textures\back-buildings.png">
      <Filter>Resources\textures</Filter>
    </Image>
    <Image Include="textures\far-buildings.png">
      <Filter>Resources\textures</Filter>
    </Image>
    <Image Include="textures\foreground.png">
      <Filter>Resources\textures</Filter>
    </Image>
    <Image Include="textures\scarfy.png">
      <Filter>Resources\textures</Filter>
    </Image>
    <Image Include="textures\barempty.png">
      <Filter>Resources\textures</Filter>
    </Image>
    <Image Include="textures\barfill.png">
      <Filter>Resources\textures</Filter>
    </Image>
    <Image Include="textures\main_menu_background.png">
      <Filter>Resources\textures</Filter>
    </Image>
    <Image Include="textures\life_icon.png">
      <Filter>Resources\textures</Filter>
    </Image>
    <Image Include="textures\life_lost_icon.png">
      <Filter>Resources\textures</Filter>
    </Image>
    <Image Include="textures\life_pickable.png">
      <Filter>Resources\textures</Filter>
    </Image>
    <Image Include="textures\numbers.png">
      <Filter>Resources\textures</Filter>
    </Image>
    <Image Include="textures\Characters\Player 1\p1_death.png">
      <Filter>Resources\textures\Characters\Player1</Filter>
    </Image>
    <Image Include="textures\Characters\Player 1\p1_hit.png">
      <Filter>Resources\textures\Characters\Player1</Filter>
    </Image>
    <Image Include="textures\Characters\Player 1\p1_idle.png">
      <Filter>Resources\textures\Characters\Player1</Filter>
    </Image>
    <Image Include="textures\Characters\Player 1\p1_run.png">
      <Filter>Resources\textures\Characters\Player1</Filter>
    </Image>
    <Image Include="textures\Characters\Player 2\p2_death.png">
      <Filter>Resources\textures\Characters\Player2</Filter>
    </Image>
    <Image Include="textures\Characters\Player 2\p2_hit.png">
      <Filter>Resources\textures\Characters\Player2</Filter>
    </Image>
    <Image Include="textures\Characters\Player 2\p2_idle.png">
      <Filter>Resources\textures\Characters\Player2</Filter>
    </Image>
    <Image Include="textures\Characters\Player 2\p2_run.png">
      <Filter>Resources\textures\Characters\Player2</Filter>
    </Image>
    <Image Include="textures\Characters\Player 3\p3_death.png">
      <Filter>Resources\textures\Characters\Player3</Filter>
    </Image>
    <Image Include="textures\Characters\Player 3\p3_hit.png">
      <Filter>Resources\textures\Characters\Player3</Filter>
    </Image>
    <Image Include="textures\Characters\Player 3\p3_idle.png">
      <Filter>Resources\textures\Characters\Player3</Filter>
    </Image>
    <Image Include="textures\Characters\Player 3\p3_run.png">
      <Filter>Resources\textures\Characters\Player3</Filter>
    </Image>
    <Image Include="textures\Characters\Player 4\p4_death.png">
      <Filter>Resources\textures\Characters\Player4</Filter>
    </Image>
    <Image Include="textures\Characters\Player 4\p4_hit.png">
      <Filter>Resources\textures\Characters\Player4</Filter>
    </Image>
    <Image Include="textures\Characters\Player 4\p4_idle.png">
      <Filter>Resources\textures\Characters\Player4</Filter>
    </Image>
    <Image Include="textures\Characters\Player 4\p4_run.png">
      <Filter>Resources\textures\Characters\Player4</Filter>
    </Image>
    <Image Include="textures\shop_background.png">
      <Filter>Resources\textures</Filter>
    </Image>
    <Image Include="textures\Characters\dust.png">
      <Filter>Resources\textures\Characters</Filter>
    </Image>
    <Image Include="textures\mniejsze_logo.png">
      <Filter>Resources\textures</Filter>
    </Image>
    <Image Include="textures\Characters\shadow_2.png">
      <Filter>Resources\textures\Characters</Filter>
    </Image>
    <Image Include="textures\loading_screen.png">
      <Filter>Resources\textures</Filter>
    </Image>
    <Image Include="textures\missing_texture.png">
      <Filter>Resources\textures</Filter>
    </Image>
  </ItemGroup>
  <ItemGroup>
    <Text Include="users.txt">
      <Filter>Resources</Filter>
    </Text>
    <Text Include="scores.txt">
      <Filter>Resources</Filter>
    </Text>
  </ItemGroup>
  <ItemGroup>
    <Media Include="wisdom.mp3">
      <Filter>Resources</Filter>
    </Media>
  </ItemGroup>
</Project>